{
  "requires": true,
  "lockfileVersion": 1,
  "dependencies": {
    "contrast-js": {
      "version": "0.0.3",
      "resolved": "https://registry.npmjs.org/contrast-js/-/contrast-js-0.0.3.tgz",
      "integrity": "sha512-2zTwpiRdKUTRnrwp4+B/S0NyoIexJuKGByyxHufk5aVNflOkWF9ONYZ9cqvN1MB4HcOJVuBb1RP1l4DRpzFbOg=="
    }
  }
}
